
Microsoft Visual Studio Solution File, Format Version 12.00
# Visual Studio Version 17
VisualStudioVersion = 17.5.2.0
MinimumVisualStudioVersion = 10.0.40219.1
Project("{FAE04EC0-301F-11D3-BF4B-00C04F79EFBC}") = "girilenciftsayılarıyazdır", "girilenciftsayılarıyazdır\girilenciftsayılarıyazdır.csproj", "{0933013C-C3E5-0FBE-3699-7E526E3B3BB8}"
EndProject
Global
	GlobalSection(SolutionConfigurationPlatforms) = preSolution
		Debug|Any CPU = Debug|Any CPU
		Release|Any CPU = Release|Any CPU
	EndGlobalSection
	GlobalSection(ProjectConfigurationPlatforms) = postSolution
		{0933013C-C3E5-0FBE-3699-7E526E3B3BB8}.Debug|Any CPU.ActiveCfg = Debug|Any CPU
		{0933013C-C3E5-0FBE-3699-7E526E3B3BB8}.Debug|Any CPU.Build.0 = Debug|Any CPU
		{0933013C-C3E5-0FBE-3699-7E526E3B3BB8}.Release|Any CPU.ActiveCfg = Release|Any CPU
		{0933013C-C3E5-0FBE-3699-7E526E3B3BB8}.Release|Any CPU.Build.0 = Release|Any CPU
	EndGlobalSection
	GlobalSection(SolutionProperties) = preSolution
		HideSolutionNode = FALSE
	EndGlobalSection
	GlobalSection(ExtensibilityGlobals) = postSolution
		SolutionGuid = {7F57B30A-CCE1-427D-927B-DC3F9682680F}
	EndGlobalSection
EndGlobal
